
Microsoft Visual Studio Solution File, Format Version 12.00
# Visual Studio Version 17
VisualStudioVersion = 17.0.32014.148
MinimumVisualStudioVersion = 10.0.40219.1
Project("{FAE04EC0-301F-11D3-BF4B-00C04F79EFBC}") = "WpfApp1", "WpfApp1\WpfApp1.csproj", "{9EBCBF3F-BF4F-4E60-901A-9CDD75A175DF}"
EndProject
Global
	GlobalSection(SolutionConfigurationPlatforms) = preSolution
		Debug|Any CPU = Debug|Any CPU
		Release|Any CPU = Release|Any CPU
	EndGlobalSection
	GlobalSection(ProjectConfigurationPlatforms) = postSolution
		{9EBCBF3F-BF4F-4E60-901A-9CDD75A175DF}.Debug|Any CPU.ActiveCfg = Debug|Any CPU
		{9EBCBF3F-BF4F-4E60-901A-9CDD75A175DF}.Debug|Any CPU.Build.0 = Debug|Any CPU
		{9EBCBF3F-BF4F-4E60-901A-9CDD75A175DF}.Release|Any CPU.ActiveCfg = Release|Any CPU
		{9EBCBF3F-BF4F-4E60-901A-9CDD75A175DF}.Release|Any CPU.Build.0 = Release|Any CPU
	EndGlobalSection
	GlobalSection(SolutionProperties) = preSolution
		HideSolutionNode = FALSE
	EndGlobalSection
	GlobalSection(ExtensibilityGlobals) = postSolution
		SolutionGuid = {172E4CC9-FD67-4BA3-97FE-38AA977656DD}
	EndGlobalSection
EndGlobal
